
Microsoft Visual Studio Solution File, Format Version 12.00
# Visual Studio Version 16
Project("{8BC9CEB8-8B4A-11D0-8D11-00A0C91BC942}") = "ALL_BUILD", "ALL_BUILD.vcxproj", "{95F5A096-7BE2-3BAA-B68C-F6A53F7418F6}"
	ProjectSection(ProjectDependencies) = postProject
		{6BF01DB2-CC63-3AE1-B243-C3059A811F5F} = {6BF01DB2-CC63-3AE1-B243-C3059A811F5F}
		{77C84E22-7E78-3B2E-A68B-B12EB8FF725B} = {77C84E22-7E78-3B2E-A68B-B12EB8FF725B}
		{53B7CC89-4219-3326-ACFE-68D65C935DB5} = {53B7CC89-4219-3326-ACFE-68D65C935DB5}
	EndProjectSection
EndProject
Project("{8BC9CEB8-8B4A-11D0-8D11-00A0C91BC942}") = "INSTALL", "INSTALL.vcxproj", "{79D97C08-0F47-3D99-BD81-FA35A47E9E56}"
	ProjectSection(ProjectDependencies) = postProject
		{95F5A096-7BE2-3BAA-B68C-F6A53F7418F6} = {95F5A096-7BE2-3BAA-B68C-F6A53F7418F6}
		{6BF01DB2-CC63-3AE1-B243-C3059A811F5F} = {6BF01DB2-CC63-3AE1-B243-C3059A811F5F}
	EndProjectSection
EndProject
Project("{8BC9CEB8-8B4A-11D0-8D11-00A0C91BC942}") = "RUN_TESTS", "RUN_TESTS.vcxproj", "{C8D31AE9-00AA-3684-AB80-6AC2A5B0F120}"
	ProjectSection(ProjectDependencies) = postProject
		{6BF01DB2-CC63-3AE1-B243-C3059A811F5F} = {6BF01DB2-CC63-3AE1-B243-C3059A811F5F}
	EndProjectSection
EndProject
Project("{8BC9CEB8-8B4A-11D0-8D11-00A0C91BC942}") = "ZERO_CHECK", "..\..\..\\ZERO_CHECK.vcxproj", "{6BF01DB2-CC63-3AE1-B243-C3059A811F5F}"
	ProjectSection(ProjectDependencies) = postProject
	EndProjectSection
EndProject
Project("{8BC9CEB8-8B4A-11D0-8D11-00A0C91BC942}") = "gtest", "gtest.vcxproj", "{77C84E22-7E78-3B2E-A68B-B12EB8FF725B}"
	ProjectSection(ProjectDependencies) = postProject
		{6BF01DB2-CC63-3AE1-B243-C3059A811F5F} = {6BF01DB2-CC63-3AE1-B243-C3059A811F5F}
	EndProjectSection
EndProject
Project("{8BC9CEB8-8B4A-11D0-8D11-00A0C91BC942}") = "gtest_main", "gtest_main.vcxproj", "{53B7CC89-4219-3326-ACFE-68D65C935DB5}"
	ProjectSection(ProjectDependencies) = postProject
		{6BF01DB2-CC63-3AE1-B243-C3059A811F5F} = {6BF01DB2-CC63-3AE1-B243-C3059A811F5F}
		{77C84E22-7E78-3B2E-A68B-B12EB8FF725B} = {77C84E22-7E78-3B2E-A68B-B12EB8FF725B}
	EndProjectSection
EndProject
Global
	GlobalSection(SolutionConfigurationPlatforms) = preSolution
		Debug|x64 = Debug|x64
		Release|x64 = Release|x64
		MinSizeRel|x64 = MinSizeRel|x64
		RelWithDebInfo|x64 = RelWithDebInfo|x64
	EndGlobalSection
	GlobalSection(ProjectConfigurationPlatforms) = postSolution
		{95F5A096-7BE2-3BAA-B68C-F6A53F7418F6}.Debug|x64.ActiveCfg = Debug|x64
		{95F5A096-7BE2-3BAA-B68C-F6A53F7418F6}.Debug|x64.Build.0 = Debug|x64
		{95F5A096-7BE2-3BAA-B68C-F6A53F7418F6}.Release|x64.ActiveCfg = Release|x64
		{95F5A096-7BE2-3BAA-B68C-F6A53F7418F6}.Release|x64.Build.0 = Release|x64
		{95F5A096-7BE2-3BAA-B68C-F6A53F7418F6}.MinSizeRel|x64.ActiveCfg = MinSizeRel|x64
		{95F5A096-7BE2-3BAA-B68C-F6A53F7418F6}.MinSizeRel|x64.Build.0 = MinSizeRel|x64
		{95F5A096-7BE2-3BAA-B68C-F6A53F7418F6}.RelWithDebInfo|x64.ActiveCfg = RelWithDebInfo|x64
		{95F5A096-7BE2-3BAA-B68C-F6A53F7418F6}.RelWithDebInfo|x64.Build.0 = RelWithDebInfo|x64
		{79D97C08-0F47-3D99-BD81-FA35A47E9E56}.Debug|x64.ActiveCfg = Debug|x64
		{79D97C08-0F47-3D99-BD81-FA35A47E9E56}.Release|x64.ActiveCfg = Release|x64
		{79D97C08-0F47-3D99-BD81-FA35A47E9E56}.MinSizeRel|x64.ActiveCfg = MinSizeRel|x64
		{79D97C08-0F47-3D99-BD81-FA35A47E9E56}.RelWithDebInfo|x64.ActiveCfg = RelWithDebInfo|x64
		{C8D31AE9-00AA-3684-AB80-6AC2A5B0F120}.Debug|x64.ActiveCfg = Debug|x64
		{C8D31AE9-00AA-3684-AB80-6AC2A5B0F120}.Release|x64.ActiveCfg = Release|x64
		{C8D31AE9-00AA-3684-AB80-6AC2A5B0F120}.MinSizeRel|x64.ActiveCfg = MinSizeRel|x64
		{C8D31AE9-00AA-3684-AB80-6AC2A5B0F120}.RelWithDebInfo|x64.ActiveCfg = RelWithDebInfo|x64
		{6BF01DB2-CC63-3AE1-B243-C3059A811F5F}.Debug|x64.ActiveCfg = Debug|x64
		{6BF01DB2-CC63-3AE1-B243-C3059A811F5F}.Debug|x64.Build.0 = Debug|x64
		{6BF01DB2-CC63-3AE1-B243-C3059A811F5F}.Release|x64.ActiveCfg = Release|x64
		{6BF01DB2-CC63-3AE1-B243-C3059A811F5F}.Release|x64.Build.0 = Release|x64
		{6BF01DB2-CC63-3AE1-B243-C3059A811F5F}.MinSizeRel|x64.ActiveCfg = MinSizeRel|x64
		{6BF01DB2-CC63-3AE1-B243-C3059A811F5F}.MinSizeRel|x64.Build.0 = MinSizeRel|x64
		{6BF01DB2-CC63-3AE1-B243-C3059A811F5F}.RelWithDebInfo|x64.ActiveCfg = RelWithDebInfo|x64
		{6BF01DB2-CC63-3AE1-B243-C3059A811F5F}.RelWithDebInfo|x64.Build.0 = RelWithDebInfo|x64
		{77C84E22-7E78-3B2E-A68B-B12EB8FF725B}.Debug|x64.ActiveCfg = Debug|x64
		{77C84E22-7E78-3B2E-A68B-B12EB8FF725B}.Debug|x64.Build.0 = Debug|x64
		{77C84E22-7E78-3B2E-A68B-B12EB8FF725B}.Release|x64.ActiveCfg = Release|x64
		{77C84E22-7E78-3B2E-A68B-B12EB8FF725B}.Release|x64.Build.0 = Release|x64
		{77C84E22-7E78-3B2E-A68B-B12EB8FF725B}.MinSizeRel|x64.ActiveCfg = MinSizeRel|x64
		{77C84E22-7E78-3B2E-A68B-B12EB8FF725B}.MinSizeRel|x64.Build.0 = MinSizeRel|x64
		{77C84E22-7E78-3B2E-A68B-B12EB8FF725B}.RelWithDebInfo|x64.ActiveCfg = RelWithDebInfo|x64
		{77C84E22-7E78-3B2E-A68B-B12EB8FF725B}.RelWithDebInfo|x64.Build.0 = RelWithDebInfo|x64
		{53B7CC89-4219-3326-ACFE-68D65C935DB5}.Debug|x64.ActiveCfg = Debug|x64
		{53B7CC89-4219-3326-ACFE-68D65C935DB5}.Debug|x64.Build.0 = Debug|x64
		{53B7CC89-4219-3326-ACFE-68D65C935DB5}.Release|x64.ActiveCfg = Release|x64
		{53B7CC89-4219-3326-ACFE-68D65C935DB5}.Release|x64.Build.0 = Release|x64
		{53B7CC89-4219-3326-ACFE-68D65C935DB5}.MinSizeRel|x64.ActiveCfg = MinSizeRel|x64
		{53B7CC89-4219-3326-ACFE-68D65C935DB5}.MinSizeRel|x64.Build.0 = MinSizeRel|x64
		{53B7CC89-4219-3326-ACFE-68D65C935DB5}.RelWithDebInfo|x64.ActiveCfg = RelWithDebInfo|x64
		{53B7CC89-4219-3326-ACFE-68D65C935DB5}.RelWithDebInfo|x64.Build.0 = RelWithDebInfo|x64
	EndGlobalSection
	GlobalSection(ExtensibilityGlobals) = postSolution
		SolutionGuid = {015CB96D-4A63-3820-BC74-BDF9457F517D}
	EndGlobalSection
	GlobalSection(ExtensibilityAddIns) = postSolution
	EndGlobalSection
EndGlobal
