<?xml version="1.0" encoding="utf-8"?>
<Project ToolsVersion="16.0" xmlns="http://schemas.microsoft.com/developer/msbuild/2003">
  <ItemGroup>
    <ClCompile Include="E:\ComponentDev\yaml-cpp\util\parse.cpp">
      <Filter>Source Files</Filter>
    </ClCompile>
  </ItemGroup>
  <ItemGroup>
    <CustomBuild Include="E:\ComponentDev\yaml-cpp\util\CMakeLists.txt" />
  </ItemGroup>
  <ItemGroup>
    <Filter Include="Source Files">
      <UniqueIdentifier>{46288D3A-16F9-3325-89A0-FB2ECFA568C7}</UniqueIdentifier>
    </Filter>
  </ItemGroup>
</Project>
